
Microsoft Visual Studio Solution File, Format Version 12.00
# Visual Studio Version 16
VisualStudioVersion = 16.0.30002.166
MinimumVisualStudioVersion = 10.0.40219.1
Project("{FAE04EC0-301F-11D3-BF4B-00C04F79EFBC}") = "CourseLibrary.API", "CourseLibrary.API\CourseLibrary.API.csproj", "{FAC998DB-C1DD-463B-9FCC-C13EFD66608F}"
EndProject
Global
	GlobalSection(SolutionConfigurationPlatforms) = preSolution
		Debug|Any CPU = Debug|Any CPU
		Release|Any CPU = Release|Any CPU
	EndGlobalSection
	GlobalSection(ProjectConfigurationPlatforms) = postSolution
		{FAC998DB-C1DD-463B-9FCC-C13EFD66608F}.Debug|Any CPU.ActiveCfg = Debug|Any CPU
		{FAC998DB-C1DD-463B-9FCC-C13EFD66608F}.Debug|Any CPU.Build.0 = Debug|Any CPU
		{FAC998DB-C1DD-463B-9FCC-C13EFD66608F}.Release|Any CPU.ActiveCfg = Release|Any CPU
		{FAC998DB-C1DD-463B-9FCC-C13EFD66608F}.Release|Any CPU.Build.0 = Release|Any CPU
	EndGlobalSection
	GlobalSection(SolutionProperties) = preSolution
		HideSolutionNode = FALSE
	EndGlobalSection
	GlobalSection(ExtensibilityGlobals) = postSolution
		SolutionGuid = {F9AAA8FF-CE63-409F-ADA9-6A1A757720D0}
	EndGlobalSection
EndGlobal
